
Microsoft Visual Studio Solution File, Format Version 12.00
# Visual Studio Version 17
VisualStudioVersion = 17.8.34511.84
MinimumVisualStudioVersion = 10.0.40219.1
Project("{9A19103F-16F7-4668-BE54-9A1E7A4F7556}") = "InSyncAPI", "InSyncAPI\InSyncAPI.csproj", "{C018A147-FBD2-4E9D-806E-0D89E9EF6385}"
EndProject
Project("{E53339B2-1760-4266-BCC7-CA923CBCF16C}") = "docker-compose", "docker-compose.dcproj", "{C9ACF0EF-E14D-4E4C-A6A9-E694B0D8473A}"
EndProject
Project("{FAE04EC0-301F-11D3-BF4B-00C04F79EFBC}") = "BusinessObjects", "..\BusinessObjects\BusinessObjects.csproj", "{11C52B89-DA32-4387-B090-4E4281667066}"
EndProject
Project("{FAE04EC0-301F-11D3-BF4B-00C04F79EFBC}") = "DataAccess", "..\DataAccess\DataAccess.csproj", "{CD25B3E9-9E2D-4414-A25C-11710AD5080F}"
EndProject
Project("{FAE04EC0-301F-11D3-BF4B-00C04F79EFBC}") = "Repositorys", "..\Repositorys\Repositorys.csproj", "{693BC431-F6CF-4E6F-BA12-B578EC4C72E2}"
EndProject
Global
	GlobalSection(SolutionConfigurationPlatforms) = preSolution
		Debug|Any CPU = Debug|Any CPU
		Release|Any CPU = Release|Any CPU
	EndGlobalSection
	GlobalSection(ProjectConfigurationPlatforms) = postSolution
		{C018A147-FBD2-4E9D-806E-0D89E9EF6385}.Debug|Any CPU.ActiveCfg = Debug|Any CPU
		{C018A147-FBD2-4E9D-806E-0D89E9EF6385}.Debug|Any CPU.Build.0 = Debug|Any CPU
		{C018A147-FBD2-4E9D-806E-0D89E9EF6385}.Release|Any CPU.ActiveCfg = Release|Any CPU
		{C018A147-FBD2-4E9D-806E-0D89E9EF6385}.Release|Any CPU.Build.0 = Release|Any CPU
		{C9ACF0EF-E14D-4E4C-A6A9-E694B0D8473A}.Debug|Any CPU.ActiveCfg = Debug|Any CPU
		{C9ACF0EF-E14D-4E4C-A6A9-E694B0D8473A}.Debug|Any CPU.Build.0 = Debug|Any CPU
		{C9ACF0EF-E14D-4E4C-A6A9-E694B0D8473A}.Release|Any CPU.ActiveCfg = Release|Any CPU
		{C9ACF0EF-E14D-4E4C-A6A9-E694B0D8473A}.Release|Any CPU.Build.0 = Release|Any CPU
		{11C52B89-DA32-4387-B090-4E4281667066}.Debug|Any CPU.ActiveCfg = Debug|Any CPU
		{11C52B89-DA32-4387-B090-4E4281667066}.Debug|Any CPU.Build.0 = Debug|Any CPU
		{11C52B89-DA32-4387-B090-4E4281667066}.Release|Any CPU.ActiveCfg = Release|Any CPU
		{11C52B89-DA32-4387-B090-4E4281667066}.Release|Any CPU.Build.0 = Release|Any CPU
		{CD25B3E9-9E2D-4414-A25C-11710AD5080F}.Debug|Any CPU.ActiveCfg = Debug|Any CPU
		{CD25B3E9-9E2D-4414-A25C-11710AD5080F}.Debug|Any CPU.Build.0 = Debug|Any CPU
		{CD25B3E9-9E2D-4414-A25C-11710AD5080F}.Release|Any CPU.ActiveCfg = Release|Any CPU
		{CD25B3E9-9E2D-4414-A25C-11710AD5080F}.Release|Any CPU.Build.0 = Release|Any CPU
		{693BC431-F6CF-4E6F-BA12-B578EC4C72E2}.Debug|Any CPU.ActiveCfg = Debug|Any CPU
		{693BC431-F6CF-4E6F-BA12-B578EC4C72E2}.Debug|Any CPU.Build.0 = Debug|Any CPU
		{693BC431-F6CF-4E6F-BA12-B578EC4C72E2}.Release|Any CPU.ActiveCfg = Release|Any CPU
		{693BC431-F6CF-4E6F-BA12-B578EC4C72E2}.Release|Any CPU.Build.0 = Release|Any CPU
	EndGlobalSection
	GlobalSection(SolutionProperties) = preSolution
		HideSolutionNode = FALSE
	EndGlobalSection
	GlobalSection(ExtensibilityGlobals) = postSolution
		SolutionGuid = {F8CE3818-68F9-41CC-AEBB-A5BE42AEA063}
	EndGlobalSection
EndGlobal
